// !$*UTF8*$!
{
	archiveVersion = 1;
	classes = {
	};
	objectVersion = 50;
	objects = {

/* Begin PBXBuildFile section */
		349AE8F024AF425A001404A9 /* AppDelegate.swift in Sources */ = {isa = PBXBuildFile; fileRef = 349AE8EF24AF425A001404A9 /* AppDelegate.swift */; };
		349AE8F224AF425A001404A9 /* GameScene.sks in Resources */ = {isa = PBXBuildFile; fileRef = 349AE8F124AF425A001404A9 /* GameScene.sks */; };
		349AE8F624AF425A001404A9 /* GameScene.swift in Sources */ = {isa = PBXBuildFile; fileRef = 349AE8F524AF425A001404A9 /* GameScene.swift */; };
		349AE8F824AF425A001404A9 /* GameViewController.swift in Sources */ = {isa = PBXBuildFile; fileRef = 349AE8F724AF425A001404A9 /* GameViewController.swift */; };
		349AE8FB24AF425A001404A9 /* Main.storyboard in Resources */ = {isa = PBXBuildFile; fileRef = 349AE8F924AF425A001404A9 /* Main.storyboard */; };
		349AE8FD24AF425B001404A9 /* Assets.xcassets in Resources */ = {isa = PBXBuildFile; fileRef = 349AE8FC24AF425B001404A9 /* Assets.xcassets */; };
		349AE90024AF425B001404A9 /* LaunchScreen.storyboard in Resources */ = {isa = PBXBuildFile; fileRef = 349AE8FE24AF425B001404A9 /* LaunchScreen.storyboard */; };
		349AE91224AF4359001404A9 /* sliceHitEnemy.sks in Resources */ = {isa = PBXBuildFile; fileRef = 349AE90724AF4358001404A9 /* sliceHitEnemy.sks */; };
		349AE91324AF4359001404A9 /* explosion.caf in Resources */ = {isa = PBXBuildFile; fileRef = 349AE90824AF4358001404A9 /* explosion.caf */; };
		349AE91424AF4359001404A9 /* sliceBombFuse.caf in Resources */ = {isa = PBXBuildFile; fileRef = 349AE90924AF4359001404A9 /* sliceBombFuse.caf */; };
		349AE91524AF4359001404A9 /* wrong.caf in Resources */ = {isa = PBXBuildFile; fileRef = 349AE90A24AF4359001404A9 /* wrong.caf */; };
		349AE91624AF4359001404A9 /* whack.caf in Resources */ = {isa = PBXBuildFile; fileRef = 349AE90B24AF4359001404A9 /* whack.caf */; };
		349AE91724AF4359001404A9 /* swoosh2.caf in Resources */ = {isa = PBXBuildFile; fileRef = 349AE90C24AF4359001404A9 /* swoosh2.caf */; };
		349AE91824AF4359001404A9 /* swoosh1.caf in Resources */ = {isa = PBXBuildFile; fileRef = 349AE90D24AF4359001404A9 /* swoosh1.caf */; };
		349AE91924AF4359001404A9 /* launch.caf in Resources */ = {isa = PBXBuildFile; fileRef = 349AE90E24AF4359001404A9 /* launch.caf */; };
		349AE91A24AF4359001404A9 /* sliceHitBomb.sks in Resources */ = {isa = PBXBuildFile; fileRef = 349AE90F24AF4359001404A9 /* sliceHitBomb.sks */; };
		349AE91B24AF4359001404A9 /* swoosh3.caf in Resources */ = {isa = PBXBuildFile; fileRef = 349AE91024AF4359001404A9 /* swoosh3.caf */; };
		349AE91C24AF4359001404A9 /* sliceFuse.sks in Resources */ = {isa = PBXBuildFile; fileRef = 349AE91124AF4359001404A9 /* sliceFuse.sks */; };
/* End PBXBuildFile section */

/* Begin PBXFileReference section */
		349AE8EC24AF425A001404A9 /* SwiftyNinja.app */ = {isa = PBXFileReference; explicitFileType = wrapper.application; includeInIndex = 0; path = SwiftyNinja.app; sourceTree = BUILT_PRODUCTS_DIR; };
		349AE8EF24AF425A001404A9 /* AppDelegate.swift */ = {isa = PBXFileReference; lastKnownFileType = sourcecode.swift; path = AppDelegate.swift; sourceTree = "<group>"; };
		349AE8F124AF425A001404A9 /* GameScene.sks */ = {isa = PBXFileReference; lastKnownFileType = file.sks; path = GameScene.sks; sourceTree = "<group>"; };
		349AE8F524AF425A001404A9 /* GameScene.swift */ = {isa = PBXFileReference; lastKnownFileType = sourcecode.swift; path = GameScene.swift; sourceTree = "<group>"; };
		349AE8F724AF425A001404A9 /* GameViewController.swift */ = {isa = PBXFileReference; lastKnownFileType = sourcecode.swift; path = GameViewController.swift; sourceTree = "<group>"; };
		349AE8FA24AF425A001404A9 /* Base */ = {isa = PBXFileReference; lastKnownFileType = file.storyboard; name = Base; path = Base.lproj/Main.storyboard; sourceTree = "<group>"; };
		349AE8FC24AF425B001404A9 /* Assets.xcassets */ = {isa = PBXFileReference; lastKnownFileType = folder.assetcatalog; path = Assets.xcassets; sourceTree = "<group>"; };
		349AE8FF24AF425B001404A9 /* Base */ = {isa = PBXFileReference; lastKnownFileType = file.storyboard; name = Base; path = Base.lproj/LaunchScreen.storyboard; sourceTree = "<group>"; };
		349AE90124AF425B001404A9 /* Info.plist */ = {isa = PBXFileReference; lastKnownFileType = text.plist.xml; path = Info.plist; sourceTree = "<group>"; };
		349AE90724AF4358001404A9 /* sliceHitEnemy.sks */ = {isa = PBXFileReference; lastKnownFileType = file.sks; path = sliceHitEnemy.sks; sourceTree = "<group>"; };
		349AE90824AF4358001404A9 /* explosion.caf */ = {isa = PBXFileReference; lastKnownFileType = file; path = explosion.caf; sourceTree = "<group>"; };
		349AE90924AF4359001404A9 /* sliceBombFuse.caf */ = {isa = PBXFileReference; lastKnownFileType = file; path = sliceBombFuse.caf; sourceTree = "<group>"; };
		349AE90A24AF4359001404A9 /* wrong.caf */ = {isa = PBXFileReference; lastKnownFileType = file; path = wrong.caf; sourceTree = "<group>"; };
		349AE90B24AF4359001404A9 /* whack.caf */ = {isa = PBXFileReference; lastKnownFileType = file; path = whack.caf; sourceTree = "<group>"; };
		349AE90C24AF4359001404A9 /* swoosh2.caf */ = {isa = PBXFileReference; lastKnownFileType = file; path = swoosh2.caf; sourceTree = "<group>"; };
		349AE90D24AF4359001404A9 /* swoosh1.caf */ = {isa = PBXFileReference; lastKnownFileType = file; path = swoosh1.caf; sourceTree = "<group>"; };
		349AE90E24AF4359001404A9 /* launch.caf */ = {isa = PBXFileReference; lastKnownFileType = file; path = launch.caf; sourceTree = "<group>"; };
		349AE90F24AF4359001404A9 /* sliceHitBomb.sks */ = {isa = PBXFileReference; lastKnownFileType = file.sks; path = sliceHitBomb.sks; sourceTree = "<group>"; };
		349AE91024AF4359001404A9 /* swoosh3.caf */ = {isa = PBXFileReference; lastKnownFileType = file; path = swoosh3.caf; sourceTree = "<group>"; };
		349AE91124AF4359001404A9 /* sliceFuse.sks */ = {isa = PBXFileReference; lastKnownFileType = file.sks; path = sliceFuse.sks; sourceTree = "<group>"; };
/* End PBXFileReference section */

/* Begin PBXFrameworksBuildPhase section */
		349AE8E924AF425A001404A9 /* Frameworks */ = {
			isa = PBXFrameworksBuildPhase;
			buildActionMask = 2147483647;
			files = (
			);
			runOnlyForDeploymentPostprocessing = 0;
		};
/* End PBXFrameworksBuildPhase section */

/* Begin PBXGroup section */
		349AE8E324AF425A001404A9 = {
			isa = PBXGroup;
			children = (
				349AE8EE24AF425A001404A9 /* SwiftyNinja */,
				349AE8ED24AF425A001404A9 /* Products */,
			);
			sourceTree = "<group>";
		};
		349AE8ED24AF425A001404A9 /* Products */ = {
			isa = PBXGroup;
			children = (
				349AE8EC24AF425A001404A9 /* SwiftyNinja.app */,
			);
			name = Products;
			sourceTree = "<group>";
		};
		349AE8EE24AF425A001404A9 /* SwiftyNinja */ = {
			isa = PBXGroup;
			children = (
				349AE8EF24AF425A001404A9 /* AppDelegate.swift */,
				349AE8F124AF425A001404A9 /* GameScene.sks */,
				349AE8F524AF425A001404A9 /* GameScene.swift */,
				349AE8F724AF425A001404A9 /* GameViewController.swift */,
				349AE8F924AF425A001404A9 /* Main.storyboard */,
				349AE8FC24AF425B001404A9 /* Assets.xcassets */,
				349AE8FE24AF425B001404A9 /* LaunchScreen.storyboard */,
				349AE90124AF425B001404A9 /* Info.plist */,
				349AE90824AF4358001404A9 /* explosion.caf */,
				349AE90E24AF4359001404A9 /* launch.caf */,
				349AE90924AF4359001404A9 /* sliceBombFuse.caf */,
				349AE91124AF4359001404A9 /* sliceFuse.sks */,
				349AE90F24AF4359001404A9 /* sliceHitBomb.sks */,
				349AE90724AF4358001404A9 /* sliceHitEnemy.sks */,
				349AE90D24AF4359001404A9 /* swoosh1.caf */,
				349AE90C24AF4359001404A9 /* swoosh2.caf */,
				349AE91024AF4359001404A9 /* swoosh3.caf */,
				349AE90B24AF4359001404A9 /* whack.caf */,
				349AE90A24AF4359001404A9 /* wrong.caf */,
			);
			path = SwiftyNinja;
			sourceTree = "<group>";
		};
/* End PBXGroup section */

/* Begin PBXNativeTarget section */
		349AE8EB24AF425A001404A9 /* SwiftyNinja */ = {
			isa = PBXNativeTarget;
			buildConfigurationList = 349AE90424AF425B001404A9 /* Build configuration list for PBXNativeTarget "SwiftyNinja" */;
			buildPhases = (
				349AE8E824AF425A001404A9 /* Sources */,
				349AE8E924AF425A001404A9 /* Frameworks */,
				349AE8EA24AF425A001404A9 /* Resources */,
			);
			buildRules = (
			);
			dependencies = (
			);
			name = SwiftyNinja;
			productName = SwiftyNinja;
			productReference = 349AE8EC24AF425A001404A9 /* SwiftyNinja.app */;
			productType = "com.apple.product-type.application";
		};
/* End PBXNativeTarget section */

/* Begin PBXProject section */
		349AE8E424AF425A001404A9 /* Project object */ = {
			isa = PBXProject;
			attributes = {
				LastSwiftUpdateCheck = 1150;
				LastUpgradeCheck = 1150;
				ORGANIZATIONNAME = "Vitali Tatarintev";
				TargetAttributes = {
					349AE8EB24AF425A001404A9 = {
						CreatedOnToolsVersion = 11.5;
					};
				};
			};
			buildConfigurationList = 349AE8E724AF425A001404A9 /* Build configuration list for PBXProject "SwiftyNinja" */;
			compatibilityVersion = "Xcode 9.3";
			developmentRegion = en;
			hasScannedForEncodings = 0;
			knownRegions = (
				en,
				Base,
			);
			mainGroup = 349AE8E324AF425A001404A9;
			productRefGroup = 349AE8ED24AF425A001404A9 /* Products */;
			projectDirPath = "";
			projectRoot = "";
			targets = (
				349AE8EB24AF425A001404A9 /* SwiftyNinja */,
			);
		};
/* End PBXProject section */

/* Begin PBXResourcesBuildPhase section */
		349AE8EA24AF425A001404A9 /* Resources */ = {
			isa = PBXResourcesBuildPhase;
			buildActionMask = 2147483647;
			files = (
				349AE91724AF4359001404A9 /* swoosh2.caf in Resources */,
				349AE91924AF4359001404A9 /* launch.caf in Resources */,
				349AE91C24AF4359001404A9 /* sliceFuse.sks in Resources */,
				349AE91324AF4359001404A9 /* explosion.caf in Resources */,
				349AE8FB24AF425A001404A9 /* Main.storyboard in Resources */,
				349AE91624AF4359001404A9 /* whack.caf in Resources */,
				349AE91824AF4359001404A9 /* swoosh1.caf in Resources */,
				349AE91A24AF4359001404A9 /* sliceHitBomb.sks in Resources */,
				349AE8F224AF425A001404A9 /* GameScene.sks in Resources */,
				349AE91224AF4359001404A9 /* sliceHitEnemy.sks in Resources */,
				349AE8FD24AF425B001404A9 /* Assets.xcassets in Resources */,
				349AE91424AF4359001404A9 /* sliceBombFuse.caf in Resources */,
				349AE91524AF4359001404A9 /* wrong.caf in Resources */,
				349AE90024AF425B001404A9 /* LaunchScreen.storyboard in Resources */,
				349AE91B24AF4359001404A9 /* swoosh3.caf in Resources */,
			);
			runOnlyForDeploymentPostprocessing = 0;
		};
/* End PBXResourcesBuildPhase section */

/* Begin PBXSourcesBuildPhase section */
		349AE8E824AF425A001404A9 /* Sources */ = {
			isa = PBXSourcesBuildPhase;
			buildActionMask = 2147483647;
			files = (
				349AE8F624AF425A001404A9 /* GameScene.swift in Sources */,
				349AE8F824AF425A001404A9 /* GameViewController.swift in Sources */,
				349AE8F024AF425A001404A9 /* AppDelegate.swift in Sources */,
			);
			runOnlyForDeploymentPostprocessing = 0;
		};
/* End PBXSourcesBuildPhase section */

/* Begin PBXVariantGroup section */
		349AE8F924AF425A001404A9 /* Main.storyboard */ = {
			isa = PBXVariantGroup;
			children = (
				349AE8FA24AF425A001404A9 /* Base */,
			);
			name = Main.storyboard;
			sourceTree = "<group>";
		};
		349AE8FE24AF425B001404A9 /* LaunchScreen.storyboard */ = {
			isa = PBXVariantGroup;
			children = (
				349AE8FF24AF425B001404A9 /* Base */,
			);
			name = LaunchScreen.storyboard;
			sourceTree = "<group>";
		};
/* End PBXVariantGroup section */

/* Begin XCBuildConfiguration section */
		349AE90224AF425B001404A9 /* Debug */ = {
			isa = XCBuildConfiguration;
			buildSettings = {
				ALWAYS_SEARCH_USER_PATHS = NO;
				CLANG_ANALYZER_NONNULL = YES;
				CLANG_ANALYZER_NUMBER_OBJECT_CONVERSION = YES_AGGRESSIVE;
				CLANG_CXX_LANGUAGE_STANDARD = "gnu++14";
				CLANG_CXX_LIBRARY = "libc++";
				CLANG_ENABLE_MODULES = YES;
				CLANG_ENABLE_OBJC_ARC = YES;
				CLANG_ENABLE_OBJC_WEAK = YES;
				CLANG_WARN_BLOCK_CAPTURE_AUTORELEASING = YES;
				CLANG_WARN_BOOL_CONVERSION = YES;
				CLANG_WARN_COMMA = YES;
				CLANG_WARN_CONSTANT_CONVERSION = YES;
				CLANG_WARN_DEPRECATED_OBJC_IMPLEMENTATIONS = YES;
				CLANG_WARN_DIRECT_OBJC_ISA_USAGE = YES_ERROR;
				CLANG_WARN_DOCUMENTATION_COMMENTS = YES;
				CLANG_WARN_EMPTY_BODY = YES;
				CLANG_WARN_ENUM_CONVERSION = YES;
				CLANG_WARN_INFINITE_RECURSION = YES;
				CLANG_WARN_INT_CONVERSION = YES;
				CLANG_WARN_NON_LITERAL_NULL_CONVERSION = YES;
				CLANG_WARN_OBJC_IMPLICIT_RETAIN_SELF = YES;
				CLANG_WARN_OBJC_LITERAL_CONVERSION = YES;
				CLANG_WARN_OBJC_ROOT_CLASS = YES_ERROR;
				CLANG_WARN_RANGE_LOOP_ANALYSIS = YES;
				CLANG_WARN_STRICT_PROTOTYPES = YES;
				CLANG_WARN_SUSPICIOUS_MOVE = YES;
				CLANG_WARN_UNGUARDED_AVAILABILITY = YES_AGGRESSIVE;
				CLANG_WARN_UNREACHABLE_CODE = YES;
				CLANG_WARN__DUPLICATE_METHOD_MATCH = YES;
				COPY_PHASE_STRIP = NO;
				DEBUG_INFORMATION_FORMAT = dwarf;
				ENABLE_STRICT_OBJC_MSGSEND = YES;
				ENABLE_TESTABILITY = YES;
				GCC_C_LANGUAGE_STANDARD = gnu11;
				GCC_DYNAMIC_NO_PIC = NO;
				GCC_NO_COMMON_BLOCKS = YES;
				GCC_OPTIMIZATION_LEVEL = 0;
				GCC_PREPROCESSOR_DEFINITIONS = (
					"DEBUG=1",
					"$(inherited)",
				);
				GCC_WARN_64_TO_32_BIT_CONVERSION = YES;
				GCC_WARN_ABOUT_RETURN_TYPE = YES_ERROR;
				GCC_WARN_UNDECLARED_SELECTOR = YES;
				GCC_WARN_UNINITIALIZED_AUTOS = YES_AGGRESSIVE;
				GCC_WARN_UNUSED_FUNCTION = YES;
				GCC_WARN_UNUSED_VARIABLE = YES;
				IPHONEOS_DEPLOYMENT_TARGET = 13.5;
				MTL_ENABLE_DEBUG_INFO = INCLUDE_SOURCE;
				MTL_FAST_MATH = YES;
				ONLY_ACTIVE_ARCH = YES;
				SDKROOT = iphoneos;
				SWIFT_ACTIVE_COMPILATION_CONDITIONS = DEBUG;
				SWIFT_OPTIMIZATION_LEVEL = "-Onone";
			};
			name = Debug;
		};
		349AE90324AF425B001404A9 /* Release */ = {
			isa = XCBuildConfiguration;
			buildSettings = {
				ALWAYS_SEARCH_USER_PATHS = NO;
				CLANG_ANALYZER_NONNULL = YES;
				CLANG_ANALYZER_NUMBER_OBJECT_CONVERSION = YES_AGGRESSIVE;
				CLANG_CXX_LANGUAGE_STANDARD = "gnu++14";
				CLANG_CXX_LIBRARY = "libc++";
				CLANG_ENABLE_MODULES = YES;
				CLANG_ENABLE_OBJC_ARC = YES;
				CLANG_ENABLE_OBJC_WEAK = YES;
				CLANG_WARN_BLOCK_CAPTURE_AUTORELEASING = YES;
				CLANG_WARN_BOOL_CONVERSION = YES;
				CLANG_WARN_COMMA = YES;
				CLANG_WARN_CONSTANT_CONVERSION = YES;
				CLANG_WARN_DEPRECATED_OBJC_IMPLEMENTATIONS = YES;
				CLANG_WARN_DIRECT_OBJC_ISA_USAGE = YES_ERROR;
				CLANG_WARN_DOCUMENTATION_COMMENTS = YES;
				CLANG_WARN_EMPTY_BODY = YES;
				CLANG_WARN_ENUM_CONVERSION = YES;
				CLANG_WARN_INFINITE_RECURSION = YES;
				CLANG_WARN_INT_CONVERSION = YES;
				CLANG_WARN_NON_LITERAL_NULL_CONVERSION = YES;
				CLANG_WARN_OBJC_IMPLICIT_RETAIN_SELF = YES;
				CLANG_WARN_OBJC_LITERAL_CONVERSION = YES;
				CLANG_WARN_OBJC_ROOT_CLASS = YES_ERROR;
				CLANG_WARN_RANGE_LOOP_ANALYSIS = YES;
				CLANG_WARN_STRICT_PROTOTYPES = YES;
				CLANG_WARN_SUSPICIOUS_MOVE = YES;
				CLANG_WARN_UNGUARDED_AVAILABILITY = YES_AGGRESSIVE;
				CLANG_WARN_UNREACHABLE_CODE = YES;
				CLANG_WARN__DUPLICATE_METHOD_MATCH = YES;
				COPY_PHASE_STRIP = NO;
				DEBUG_INFORMATION_FORMAT = "dwarf-with-dsym";
				ENABLE_NS_ASSERTIONS = NO;
				ENABLE_STRICT_OBJC_MSGSEND = YES;
				GCC_C_LANGUAGE_STANDARD = gnu11;
				GCC_NO_COMMON_BLOCKS = YES;
				GCC_WARN_64_TO_32_BIT_CONVERSION = YES;
				GCC_WARN_ABOUT_RETURN_TYPE = YES_ERROR;
				GCC_WARN_UNDECLARED_SELECTOR = YES;
				GCC_WARN_UNINITIALIZED_AUTOS = YES_AGGRESSIVE;
				GCC_WARN_UNUSED_FUNCTION = YES;
				GCC_WARN_UNUSED_VARIABLE = YES;
				IPHONEOS_DEPLOYMENT_TARGET = 13.5;
				MTL_ENABLE_DEBUG_INFO = NO;
				MTL_FAST_MATH = YES;
				SDKROOT = iphoneos;
				SWIFT_COMPILATION_MODE = wholemodule;
				SWIFT_OPTIMIZATION_LEVEL = "-O";
				VALIDATE_PRODUCT = YES;
			};
			name = Release;
		};
		349AE90524AF425B001404A9 /* Debug */ = {
			isa = XCBuildConfiguration;
			buildSettings = {
				ASSETCATALOG_COMPILER_APPICON_NAME = AppIcon;
				CODE_SIGN_STYLE = Automatic;
				DEVELOPMENT_TEAM = 855DKE28RW;
				INFOPLIST_FILE = SwiftyNinja/Info.plist;
				LD_RUNPATH_SEARCH_PATHS = (
					"$(inherited)",
					"@executable_path/Frameworks",
				);
				PRODUCT_BUNDLE_IDENTIFIER = info.whatdidilearn.uikit.SwiftyNinja;
				PRODUCT_NAME = "$(TARGET_NAME)";
				SWIFT_VERSION = 5.0;
				TARGETED_DEVICE_FAMILY = 2;
			};
			name = Debug;
		};
		349AE90624AF425B001404A9 /* Release */ = {
			isa = XCBuildConfiguration;
			buildSettings = {
				ASSETCATALOG_COMPILER_APPICON_NAME = AppIcon;
				CODE_SIGN_STYLE = Automatic;
				DEVELOPMENT_TEAM = 855DKE28RW;
				INFOPLIST_FILE = SwiftyNinja/Info.plist;
				LD_RUNPATH_SEARCH_PATHS = (
					"$(inherited)",
					"@executable_path/Frameworks",
				);
				PRODUCT_BUNDLE_IDENTIFIER = info.whatdidilearn.uikit.SwiftyNinja;
				PRODUCT_NAME = "$(TARGET_NAME)";
				SWIFT_VERSION = 5.0;
				TARGETED_DEVICE_FAMILY = 2;
			};
			name = Release;
		};
/* End XCBuildConfiguration section */

/* Begin XCConfigurationList section */
		349AE8E724AF425A001404A9 /* Build configuration list for PBXProject "SwiftyNinja" */ = {
			isa = XCConfigurationList;
			buildConfigurations = (
				349AE90224AF425B001404A9 /* Debug */,
				349AE90324AF425B001404A9 /* Release */,
			);
			defaultConfigurationIsVisible = 0;
			defaultConfigurationName = Release;
		};
		349AE90424AF425B001404A9 /* Build configuration list for PBXNativeTarget "SwiftyNinja" */ = {
			isa = XCConfigurationList;
			buildConfigurations = (
				349AE90524AF425B001404A9 /* Debug */,
				349AE90624AF425B001404A9 /* Release */,
			);
			defaultConfigurationIsVisible = 0;
			defaultConfigurationName = Release;
		};
/* End XCConfigurationList section */
	};
	rootObject = 349AE8E424AF425A001404A9 /* Project object */;
}
